# This file was autogenerated by uv via the following command:
#    uv pip compile requirements-m03-compatible.in --generate-hashes --only-binary :all: -o requirements-m03-compatible.lock
build==1.6.0 \
    --hash=sha256:bd2c8afc603e7a2e0ce70e2ea85f0a6d02043bafbd307f5bada0f98669eca5af \
    --hash=sha256:f7aaf1ebbb79178a02ba248bb524f2176b256017e17e8e4bd4289c7b38cc2bad
    # via -r requirements-m03-compatible.in
colorama==0.4.6 \
    --hash=sha256:08695f5cb7ed6e0531a20572697297273c47b8cae5a63ffc6d6ed5c201be6e44 \
    --hash=sha256:4f1d9991f5acc0ca119f9d443620b77f9d6b33703e51011c16baf57afb285fc6
    # via
    #   -r requirements-m03-compatible.in
    #   build
    #   pytest
iniconfig==2.3.0 \
    --hash=sha256:c76315c77db068650d49c5b56314774a7804df16fee4402c1f19d6d15d8c4730 \
    --hash=sha256:f631c04d2c48c52b84d0d0549c99ff3859c98df65b3101406327ecc7d53fbf12
    # via
    #   -r requirements-m03-compatible.in
    #   pytest
numpy==2.2.6 \
    --hash=sha256:038613e9fb8c72b0a41f025a7e4c3f0b7a1b5d768ece4796b674c8f3fe13efff \
    --hash=sha256:0678000bb9ac1475cd454c6b8c799206af8107e310843532b04d49649c717a47 \
    --hash=sha256:0811bb762109d9708cca4d0b13c4f67146e3c3b7cf8d34018c722adb2d957c84 \
    --hash=sha256:0b605b275d7bd0c640cad4e5d30fa701a8d59302e127e5f79138ad62762c3e3d \
    --hash=sha256:0bca768cd85ae743b2affdc762d617eddf3bcf8724435498a1e80132d04879e6 \
    --hash=sha256:1bc23a79bfabc5d056d106f9befb8d50c31ced2fbc70eedb8155aec74a45798f \
    --hash=sha256:287cc3162b6f01463ccd86be154f284d0893d2b3ed7292439ea97eafa8170e0b \
    --hash=sha256:37c0ca431f82cd5fa716eca9506aefcabc247fb27ba69c5062a6d3ade8cf8f49 \
    --hash=sha256:37e990a01ae6ec7fe7fa1c26c55ecb672dd98b19c3d0e1d1f326fa13cb38d163 \
    --hash=sha256:389d771b1623ec92636b0786bc4ae56abafad4a4c513d36a55dce14bd9ce8571 \
    --hash=sha256:3d70692235e759f260c3d837193090014aebdf026dfd167834bcba43e30c2a42 \
    --hash=sha256:41c5a21f4a04fa86436124d388f6ed60a9343a6f767fced1a8a71c3fbca038ff \
    --hash=sha256:481b49095335f8eed42e39e8041327c05b0f6f4780488f61286ed3c01368d491 \
    --hash=sha256:4eeaae00d789f66c7a25ac5f34b71a7035bb474e679f410e5e1a94deb24cf2d4 \
    --hash=sha256:55a4d33fa519660d69614a9fad433be87e5252f4b03850642f88993f7b2ca566 \
    --hash=sha256:5a6429d4be8ca66d889b7cf70f536a397dc45ba6faeb5f8c5427935d9592e9cf \
    --hash=sha256:5bd4fc3ac8926b3819797a7c0e2631eb889b4118a9898c84f585a54d475b7e40 \
    --hash=sha256:5beb72339d9d4fa36522fc63802f469b13cdbe4fdab4a288f0c441b74272ebfd \
    --hash=sha256:6031dd6dfecc0cf9f668681a37648373bddd6421fff6c66ec1624eed0180ee06 \
    --hash=sha256:71594f7c51a18e728451bb50cc60a3ce4e6538822731b2933209a1f3614e9282 \
    --hash=sha256:74d4531beb257d2c3f4b261bfb0fc09e0f9ebb8842d82a7b4209415896adc680 \
    --hash=sha256:7befc596a7dc9da8a337f79802ee8adb30a552a94f792b9c9d18c840055907db \
    --hash=sha256:894b3a42502226a1cac872f840030665f33326fc3dac8e57c607905773cdcde3 \
    --hash=sha256:8e41fd67c52b86603a91c1a505ebaef50b3314de0213461c7a6e99c9a3beff90 \
    --hash=sha256:8e9ace4a37db23421249ed236fdcdd457d671e25146786dfc96835cd951aa7c1 \
    --hash=sha256:8fc377d995680230e83241d8a96def29f204b5782f371c532579b4f20607a289 \
    --hash=sha256:9551a499bf125c1d4f9e250377c1ee2eddd02e01eac6644c080162c0c51778ab \
    --hash=sha256:b0544343a702fa80c95ad5d3d608ea3599dd54d4632df855e4c8d24eb6ecfa1c \
    --hash=sha256:b093dd74e50a8cba3e873868d9e93a85b78e0daf2e98c6797566ad8044e8363d \
    --hash=sha256:b412caa66f72040e6d268491a59f2c43bf03eb6c96dd8f0307829feb7fa2b6fb \
    --hash=sha256:b4f13750ce79751586ae2eb824ba7e1e8dba64784086c98cdbbcc6a42112ce0d \
    --hash=sha256:b64d8d4d17135e00c8e346e0a738deb17e754230d7e0810ac5012750bbd85a5a \
    --hash=sha256:ba10f8411898fc418a521833e014a77d3ca01c15b0c6cdcce6a0d2897e6dbbdf \
    --hash=sha256:bd48227a919f1bafbdda0583705e547892342c26fb127219d60a5c36882609d1 \
    --hash=sha256:c1f9540be57940698ed329904db803cf7a402f3fc200bfe599334c9bd84a40b2 \
    --hash=sha256:c820a93b0255bc360f53eca31a0e676fd1101f673dda8da93454a12e23fc5f7a \
    --hash=sha256:ce47521a4754c8f4593837384bd3424880629f718d87c5d44f8ed763edd63543 \
    --hash=sha256:d042d24c90c41b54fd506da306759e06e568864df8ec17ccc17e9e884634fd00 \
    --hash=sha256:de749064336d37e340f640b05f24e9e3dd678c57318c7289d222a8a2f543e90c \
    --hash=sha256:e1dda9c7e08dc141e0247a5b8f49cf05984955246a327d4c48bda16821947b2f \
    --hash=sha256:e29554e2bef54a90aa5cc07da6ce955accb83f21ab5de01a62c8478897b264fd \
    --hash=sha256:e3143e4451880bed956e706a3220b4e5cf6172ef05fcc397f6f36a550b1dd868 \
    --hash=sha256:e8213002e427c69c45a52bbd94163084025f533a55a59d6f9c5b820774ef3303 \
    --hash=sha256:efd28d4e9cd7d7a8d39074a4d44c63eda73401580c5c76acda2ce969e0a38e83 \
    --hash=sha256:f0fd6321b839904e15c46e0d257fdd101dd7f530fe03fd6359c1ea63738703f3 \
    --hash=sha256:f1372f041402e37e5e633e586f62aa53de2eac8d98cbfb822806ce4bbefcb74d \
    --hash=sha256:f2618db89be1b4e05f7a1a847a9c1c0abd63e63a1607d892dd54668dd92faf87 \
    --hash=sha256:f447e6acb680fd307f40d3da4852208af94afdfab89cf850986c3ca00562f4fa \
    --hash=sha256:f92729c95468a2f4f15e9bb94c432a9229d0d50de67304399627a943201baa2f \
    --hash=sha256:f9f1adb22318e121c5c69a09142811a201ef17ab257a1e66ca3025065b7f53ae \
    --hash=sha256:fc0c5673685c508a142ca65209b4e79ed6740a4ed6b2267dbba90f34b0b3cfda \
    --hash=sha256:fc7b73d02efb0e18c000e9ad8b83480dfcd5dfd11065997ed4c6747470ae8915 \
    --hash=sha256:fd83c01228a688733f1ded5201c678f0c53ecc1006ffbc404db9f7a899ac6249 \
    --hash=sha256:fe27749d33bb772c80dcd84ae7e8df2adc920ae8297400dabec45f0dedb3f6de \
    --hash=sha256:fee4236c876c4e8369388054d02d0e9bb84821feb1a64dd59e137e6511a551f8
    # via
    #   -r requirements-m03-compatible.in
    #   pandas
    #   praat-parselmouth
packaging==26.3 \
    --hash=sha256:94edc256424af38762eb31306eed28beb9f0efc50a8837492c9d6fd6004aed79 \
    --hash=sha256:d7193f7c8e4e93f444fde0262bf90af30e16fa0ad0ad44cb553c87339b23cd1c
    # via
    #   -r requirements-m03-compatible.in
    #   build
    #   pytest
    #   wheel
pandas==2.3.3 \
    --hash=sha256:0242fe9a49aa8b4d78a4fa03acb397a58833ef6199e9aa40a95f027bb3a1b6e7 \
    --hash=sha256:1611aedd912e1ff81ff41c745822980c49ce4a7907537be8692c8dbc31924593 \
    --hash=sha256:1b07204a219b3b7350abaae088f451860223a52cfb8a6c53358e7948735158e5 \
    --hash=sha256:1d37b5848ba49824e5c30bedb9c830ab9b7751fd049bc7914533e01c65f79791 \
    --hash=sha256:23ebd657a4d38268c7dfbdf089fbc31ea709d82e4923c5ffd4fbd5747133ce73 \
    --hash=sha256:2462b1a365b6109d275250baaae7b760fd25c726aaca0054649286bcfbb3e8ec \
    --hash=sha256:28083c648d9a99a5dd035ec125d42439c6c1c525098c58af0fc38dd1a7a1b3d4 \
    --hash=sha256:2e3ebdb170b5ef78f19bfb71b0dc5dc58775032361fa188e814959b74d726dd5 \
    --hash=sha256:318d77e0e42a628c04dc56bcef4b40de67918f7041c2b061af1da41dcff670ac \
    --hash=sha256:371a4ab48e950033bcf52b6527eccb564f52dc826c02afd9a1bc0ab731bba084 \
    --hash=sha256:376c6446ae31770764215a6c937f72d917f214b43560603cd60da6408f183b6c \
    --hash=sha256:3869faf4bd07b3b66a9f462417d0ca3a9df29a9f6abd5d0d0dbab15dac7abe87 \
    --hash=sha256:3fd2f887589c7aa868e02632612ba39acb0b8948faf5cc58f0850e165bd46f35 \
    --hash=sha256:4793891684806ae50d1288c9bae9330293ab4e083ccd1c5e383c34549c6e4250 \
    --hash=sha256:4e0a175408804d566144e170d0476b15d78458795bb18f1304fb94160cabf40c \
    --hash=sha256:503cf027cf9940d2ceaa1a93cfb5f8c8c7e6e90720a2850378f0b3f3b1e06826 \
    --hash=sha256:5554c929ccc317d41a5e3d1234f3be588248e61f08a74dd17c9eabb535777dc9 \
    --hash=sha256:56851a737e3470de7fa88e6131f41281ed440d29a9268dcbf0002da5ac366713 \
    --hash=sha256:5caf26f64126b6c7aec964f74266f435afef1c1b13da3b0636c7518a1fa3e2b1 \
    --hash=sha256:602b8615ebcc4a0c1751e71840428ddebeb142ec02c786e8ad6b1ce3c8dec523 \
    --hash=sha256:6253c72c6a1d990a410bc7de641d34053364ef8bcd3126f7e7450125887dffe3 \
    --hash=sha256:6435cb949cb34ec11cc9860246ccb2fdc9ecd742c12d3304989017d53f039a78 \
    --hash=sha256:6d21f6d74eb1725c2efaa71a2bfc661a0689579b58e9c0ca58a739ff0b002b53 \
    --hash=sha256:6d2cefc361461662ac48810cb14365a365ce864afe85ef1f447ff5a1e99ea81c \
    --hash=sha256:74ecdf1d301e812db96a465a525952f4dde225fdb6d8e5a521d47e1f42041e21 \
    --hash=sha256:75ea25f9529fdec2d2e93a42c523962261e567d250b0013b16210e1d40d7c2e5 \
    --hash=sha256:854d00d556406bffe66a4c0802f334c9ad5a96b4f1f868adf036a21b11ef13ff \
    --hash=sha256:8fe25fc7b623b0ef6b5009149627e34d2a4657e880948ec3c840e9402e5c1b45 \
    --hash=sha256:900f47d8f20860de523a1ac881c4c36d65efcb2eb850e6948140fa781736e110 \
    --hash=sha256:93c2d9ab0fc11822b5eece72ec9587e172f63cff87c00b062f6e37448ced4493 \
    --hash=sha256:a16dcec078a01eeef8ee61bf64074b4e524a2a3f4b3be9326420cabe59c4778b \
    --hash=sha256:a21d830e78df0a515db2b3d2f5570610f5e6bd2e27749770e8bb7b524b89b450 \
    --hash=sha256:a45c765238e2ed7d7c608fc5bc4a6f88b642f2f01e70c0c23d2224dd21829d86 \
    --hash=sha256:a637c5cdfa04b6d6e2ecedcb81fc52ffb0fd78ce2ebccc9ea964df9f658de8c8 \
    --hash=sha256:a68e15f780eddf2b07d242e17a04aa187a7ee12b40b930bfdd78070556550e98 \
    --hash=sha256:b3d11d2fda7eb164ef27ffc14b4fcab16a80e1ce67e9f57e19ec0afaf715ba89 \
    --hash=sha256:b468d3dad6ff947df92dcb32ede5b7bd41a9b3cceef0a30ed925f6d01fb8fa66 \
    --hash=sha256:b98560e98cb334799c0b07ca7967ac361a47326e9b4e5a7dfb5ab2b1c9d35a1b \
    --hash=sha256:bdcd9d1167f4885211e401b3036c0c8d9e274eee67ea8d0758a256d60704cfe8 \
    --hash=sha256:bf1f8a81d04ca90e32a0aceb819d34dbd378a98bf923b6398b9a3ec0bf44de29 \
    --hash=sha256:c46467899aaa4da076d5abc11084634e2d197e9460643dd455ac3db5856b24d6 \
    --hash=sha256:c4fc4c21971a1a9f4bdb4c73978c7f7256caa3e62b323f70d6cb80db583350bc \
    --hash=sha256:c503ba5216814e295f40711470446bc3fd00f0faea8a086cbc688808e26f92a2 \
    --hash=sha256:d051c0e065b94b7a3cea50eb1ec32e912cd96dba41647eb24104b6c6c14c5788 \
    --hash=sha256:d3e28b3e83862ccf4d85ff19cf8c20b2ae7e503881711ff2d534dc8f761131aa \
    --hash=sha256:db4301b2d1f926ae677a751eb2bd0e8c5f5319c9cb3f88b0becbbb0b07b34151 \
    --hash=sha256:dd7478f1463441ae4ca7308a70e90b33470fa593429f9d4c578dd00d1fa78838 \
    --hash=sha256:e05e1af93b977f7eafa636d043f9f94c7ee3ac81af99c13508215942e64c993b \
    --hash=sha256:e19d192383eab2f4ceb30b412b22ea30690c9e618f78870357ae1d682912015a \
    --hash=sha256:e32e7cc9af0f1cc15548288a51a3b681cc2a219faa838e995f7dc53dbab1062d \
    --hash=sha256:ecaf1e12bdc03c86ad4a7ea848d66c685cb6851d807a26aa245ca3d2017a1908 \
    --hash=sha256:ee15f284898e7b246df8087fc82b87b01686f98ee67d85a17b7ab44143a3a9a0 \
    --hash=sha256:ee67acbbf05014ea6c763beb097e03cd629961c8a632075eeb34247120abcb4b \
    --hash=sha256:f086f6fe114e19d92014a1966f43a3e62285109afe874f067f5abbdcbb10e59c \
    --hash=sha256:f8bfc0e12dc78f777f323f55c58649591b2cd0c43534e8355c51d3fede5f4dee
    # via -r requirements-m03-compatible.in
pluggy==1.6.0 \
    --hash=sha256:7dcc130b76258d33b90f61b658791dede3486c3e6bfb003ee5c9bfb396dd22f3 \
    --hash=sha256:e920276dd6813095e9377c0bc5566d94c932c33b27a3e3945d8389c374dd4746
    # via
    #   -r requirements-m03-compatible.in
    #   pytest
praat-parselmouth==0.4.7 \
    --hash=sha256:00387f2556c57cfc4bf30605d21ec3bb710096b24719dce6aebfdafe1cd64913 \
    --hash=sha256:01c352795f5b64b288ef2356c9e8d052e5dc3790c944e630ffdbb4510d7c2554 \
    --hash=sha256:027cb0ec6c8f28214b1fe1ef19261e501e929472f37092f62ed68b30076e852a \
    --hash=sha256:02b2b351e9dce18fb795ef91ce92107343183cff2cd8e56b40050016a45c7778 \
    --hash=sha256:04c8ffb545fed6c6a32127838c4f8f564ad5fb8d90372c389203dc3cc5465e9f \
    --hash=sha256:06141ceeea884f109100e1ab666adeb195f5d76ffeea53198db7f3bd329a6a57 \
    --hash=sha256:0d3f9aadb1cff7ebeed5afe90b0c20f4f9f652511d115957da2bdd1b8aa24bba \
    --hash=sha256:16243bd11c671829a740560f42e323cd323469e3eff08352610fe8ee1df913f2 \
    --hash=sha256:29674d590189fef2835c6cdc04d8230e90bb324d2fbde2094065c7b2f7e24ac9 \
    --hash=sha256:29e468febc3de2acad8f7718b10cc800610871e229afc549b6b51f009a87ede7 \
    --hash=sha256:2a9a4d28e490b1d87e860b8ddf7d4cb7f601b5a6219ccf6629079a92b3f09f09 \
    --hash=sha256:2b44b05a31118fe125416fcd2cc60d04fa6d605b8bbc42bf6f3c1f597c364873 \
    --hash=sha256:2d4b2f3b91e39c4ecddb2836e93631b71f603f449518d3a1fb4870d26b5d5946 \
    --hash=sha256:2db7783e858ea65824228588e8a92ab6e813d0ef0d943bc3ee745a44a3723cc1 \
    --hash=sha256:2e2725612a31d7b2904aede86d822f81d022072404c087a7e6d6f60763cdc4a5 \
    --hash=sha256:2e9b67e23b8da18e3f153906b5e99bd97486f7cde71c793afbddd14a83971a1a \
    --hash=sha256:30f6363942fbc9cf3a942906af19e979f9e0efe4194d51d7ab9bd17b248ea73e \
    --hash=sha256:313710a579d47effa50652d1cb3e335d926c1c0d1cea13e62dde8041676498f0 \
    --hash=sha256:319cd87cc648b57b49f443249bb30612c1c0ac7e084f49ce219e384d96c16098 \
    --hash=sha256:325215db5bb98988c255213e9e5dba3facfbf80aa11eabc00c48c11340f82242 \
    --hash=sha256:32b995a73ffa9e5ae87c9176851497b47c1b4da57c47790689e8f7421fdda7b9 \
    --hash=sha256:3a4001724f0723250eca7067a6d32b6a0a41f48a22132fe8d23401eef8ab46f2 \
    --hash=sha256:3a57b3a9fdb383b5999475f3aafe8090ffc64f0cc87928ed37c45033e7d129a4 \
    --hash=sha256:3fa05c9ac4455f01b5079e64ef69ab019a4c5d8e4b4ecc703fa121368ff8642b \
    --hash=sha256:4949eed3b57e599c140f157ac4f8f5f5f2cef27e9df670c38d5c93d095ad817d \
    --hash=sha256:4ad00b219dbc9991198d97bada24680c4e9448d8be12bc2320898fdd7799d2c4 \
    --hash=sha256:508b10da7a958c71c6cda8ad22569917774002da4c9841a571a308a50dff0107 \
    --hash=sha256:517e8dd5fbca59770ece79f12d6fbd622efd6f041be45b1654510e4ed50c94f7 \
    --hash=sha256:528cec1f4d2bbe02ed58fc6575071e9ccbf0d7ece815613c05d516e076b58a68 \
    --hash=sha256:58517d691b652067d02d692dbbd7273234dec379b3c5bb99cfc5e2e18a57970b \
    --hash=sha256:5892deae3631d691c6339455f1bce065e095c77634299e57bb00df94041f7db3 \
    --hash=sha256:5aa71baaf17764570b560ab4f51824c795bc742eae30b06d088516b8e9d5dfbf \
    --hash=sha256:5f61e549e3540d5dd8b990c298c934f978547fd5b8684beeb0f5f27edeb03505 \
    --hash=sha256:618310c98b5bb0de5ea3a6f365332bbffb4dc0a7c3c5442a5041bf93d5409036 \
    --hash=sha256:6713f295204c4d4785234118e596acfb3445316878cb61203ffadc2f75bd1a53 \
    --hash=sha256:683c12f70691e34ad40edc5bc478af397efdd8783cf9dbf4d21f0fbee439b932 \
    --hash=sha256:699b4dec1c4251d0cd9ad004eaeb49bd1b11c671677436e8fc6b191b93fa2bc9 \
    --hash=sha256:6ac46a16e51b265f81aaa0696fe889a088491903d53c28032e1b7c9044fa3493 \
    --hash=sha256:6b5fbfab5b3cd4f6146e6145559d5d7c231384d88f942e0c8c0e791058aa61a5 \
    --hash=sha256:6cc2c06534828ba3ab8e2438cbab8672bb476beb1b6b06616c7945344ef115f6 \
    --hash=sha256:6d7a31b54fb2dbec432aef59e42843776b07e32e82798667a31449b617577604 \
    --hash=sha256:6dd81d246ce1eef5fd93d8cbdaf1bef61ca40ef1d2fc12aa23996a28071181e6 \
    --hash=sha256:6ec2b7c3d59b41794923bf6ca7dd97f64bc295b1a4c7835e732add2cb0fabce9 \
    --hash=sha256:6fcb7ed36ba32713586567498a76167c469fff9b56864a74cc698598d1d80bbf \
    --hash=sha256:70dfa96c18a3423eaf805c6326218ec7777d2f9e0e21a1c31fdd176eb9770118 \
    --hash=sha256:7193ecb78b7dde649800aaadbd14364ce8dbba7608c3760da24ed6c1c47731df \
    --hash=sha256:71f4f157c58db1d43b9c851b7348508628dd7cf0b1382a5f6517eff6c03e4171 \
    --hash=sha256:71ff8990d454d0fa164aef269d1b2acccb6778d5c26a303d7e668b053a81af56 \
    --hash=sha256:7270f56ccc6e7474b6a7e366d1ec939474d4245e4a1259f19fc5cd63700258da \
    --hash=sha256:768b603cccd1b98db057aed3af52ba26c7a930ac4d48c2371bf6bb6702d7a068 \
    --hash=sha256:7cfd6941a4e8dd1d8398260f1269a831b84e9f230b03c569993e144a20704f99 \
    --hash=sha256:7ebdebea6d7b5c483e8f9948457ff801c43e86f45bb31a389ee830687c5e20a2 \
    --hash=sha256:82beb6e2e90e6b66c4903e454ca932896e698680d52f8682a183f784c14cd9cb \
    --hash=sha256:87671f42cb52ecdb0e1bc8f12786b37dbb5242c80968ff77c85aa30c8767612e \
    --hash=sha256:87723e5b737a49a963ac044c52abf9e921dea5a71c5335524cdbc6af2fc073d2 \
    --hash=sha256:88380dd454a26b613eaef810bcc80e842f5eef802631c20e00cdef92aee91d8a \
    --hash=sha256:907ea3d2a466ae9d636a0cf55e4df898157637345e7695422de41b420b7f7fe9 \
    --hash=sha256:91a535a70c461a11f11b93039cd5ec8db1f25cd6ea8028737d31027c0b7a5a8e \
    --hash=sha256:939404ec2f4b8824c960796ab8e87aef46a018cb7ec00dbb2f98789802816580 \
    --hash=sha256:97a2f9225fe63b9d6ea4fd2787983faf4ad46b83b3d772abbc8b066e9ef8559f \
    --hash=sha256:98e5ecde991d6a1104e53627eae9e6e9e01898fc79d79cf9009def4b38a79422 \
    --hash=sha256:998138bf2acb15ae329caa217d523965b897417a1a2df130a2ecf41b664bfbf1 \
    --hash=sha256:9b935d1c61d7cbf73469d4ccc2cc636e8e39fdcc3da30809ac94784acde8a531 \
    --hash=sha256:a287c567ec47a8e542eb21956ff9056c268a5e8ec766e56c5ce7a236a7fdd27b \
    --hash=sha256:a2a6c13a6f5cc04f6bbb9459db2d9be3036b70e18b4386c6d12dab1f5067d207 \
    --hash=sha256:a5b0adb5b60bc7006f76afbcea4c806f23c3e0a571e80fb1028a007c2029f0d2 \
    --hash=sha256:aa467b5839fa9dd6e1aff146a80e80e157aedc93825772dfb4258f772c062ebb \
    --hash=sha256:ae6c8db0803661d1dc20c7143bef34fe5534d449c5eaeabf02a023463193166b \
    --hash=sha256:b2cb7fe0b17494549f72f8f146e5e71fc99332c62fc510eba9add3c72ee70c2e \
    --hash=sha256:b6430856750467b8dc84a7dec87ca52a43dc6e2c44a4f1864e8f01f32901ceeb \
    --hash=sha256:b73f8f8dd4864384dfc0c11d73e343a4ab7276905feffb768351f5dec14d8775 \
    --hash=sha256:b94a6c2b310204bdd9733f1d99ce16107968c629a482515852f93db3f689a86d \
    --hash=sha256:be7b169c3a1433b6951984218b0071b18bf2f8627df25dbb7b1fffb901ee4b59 \
    --hash=sha256:bf8859230609168e90b529090d3e26f9a18a0523a482de675018c34866eece19 \
    --hash=sha256:c1b3468c962d745d1c3bc09535bc5c0cf5416a7c0847637ebeb987311c860b7a \
    --hash=sha256:c1c1fed66b517630dc03a550ee0e641213d887592df04ae6c1d6bfc7d888c140 \
    --hash=sha256:c22d9f80984e91162e3be13109637f5dfe10d2ca4d3b15edd7e782550ba627f1 \
    --hash=sha256:c743aae3d8ce15d7d79eec7be84e6e7e39196596097197ff61f06c847b82750b \
    --hash=sha256:c7cce6dcf7bf2c0047118d36b9f3144f0fb316ef9f1661a14160acb8c9584774 \
    --hash=sha256:c86b853a71fa36eb0b0ab0fe7f35b90e0dfc0d0690963badd2528a1440d0510a \
    --hash=sha256:cc652e62685a4a7d5551fef5f9f034088c6024ead033567634ca497a89278c29 \
    --hash=sha256:d656eb4a18edcf52735e95b0a68c32edf7202c591c35afae74cfc54bead88277 \
    --hash=sha256:d746609bfe8f098f53feb8685e6b7b12d171622ec8a0d98d5eac7d4c1aac2e5f \
    --hash=sha256:dc4812928cb05e63de0f291fcbd787a0e831b06bcdf74bd9df34500cdfd6edbc \
    --hash=sha256:dda954a0699e33e17599780c73819facc024087c5e6c3cd5630d223d3c3eaf07 \
    --hash=sha256:e0a7399fc66bc80c0f6a0a46910cb4866c8db440db59b4a053c1576b5bf2454e \
    --hash=sha256:e36f8eb599929e95ae1824c70be27de0c3eacd8c3550440f87cdacf649454ee5 \
    --hash=sha256:e3bfe1fc8d0f0252766978affa2e7f9b68876540688dfb9c56535fcaa2f4776a \
    --hash=sha256:e3fc0be825c5d1a4a05d2f85c5d8ff214d7178579cd2dd036cb902d9737a8d80 \
    --hash=sha256:eee26e66cf305844159ffc6068b578fc6001144969270523acdde6356c9cee73 \
    --hash=sha256:f022783e8c7fbc3985194d62db64a9ccde60a3ce744633dab8b55f594c12f625 \
    --hash=sha256:f16e0b4f6fcae99655469c05bdc052c427cf673fac395ce817ef74fbe8db4fc7 \
    --hash=sha256:f79ce1a25d03ab711f8c1c73c9ed86d7134306ab87bc389f98dbfe7f29d779ce \
    --hash=sha256:f85ed16c59e8873891c62e3944ed869c428065e50dc4f63b843b78adb2adeb3f \
    --hash=sha256:f879a0dea38243e46acc6e5ce385508bf4f6131a85bc1cfc67ae5872a25112e2 \
    --hash=sha256:fb579964b92e7aa5774badfa760570a6645641592cb5eb9e50b5a2225875b210 \
    --hash=sha256:fbabaa49bcc501d6df9780f489e686cb87a61affe0cbc8dcc212053915f041e4 \
    --hash=sha256:fd6f1946e463dfc1b29a8ac4ad5b9792f5bb2436db74f42f2ee4b04168220583 \
    --hash=sha256:fe123f5004e77a3a39150fc0b64b8960404c87ca8bb2a2e031c73ebd32d8e548 \
    --hash=sha256:ff6ed2b45740a645c9dd57f8ade2d18f34209593093b9507eae4661189826fba
    # via -r requirements-m03-compatible.in
pygments==2.21.0 \
    --hash=sha256:2363c69b61c4a97c838da3b130dcd6468f4848992b21a82f2a63ec34377137d9 \
    --hash=sha256:610ca751c9bc2492b38eb9a38a7fbc93edbbb2d7182edaf34e66ae493dee5c8c
    # via
    #   -r requirements-m03-compatible.in
    #   pytest
pyproject-hooks==1.2.0 \
    --hash=sha256:1e859bd5c40fae9448642dd871adf459e5e2084186e8d2c2a79a824c970da1f8 \
    --hash=sha256:9e5c6bfa8dcc30091c74b0cf803c81fdd29d94f01992a7707bc97babb1141913
    # via
    #   -r requirements-m03-compatible.in
    #   build
pytest==9.1.1 \
    --hash=sha256:1088fbde8f2b49d95a549a195707afa7a76a3ce9bcadc26b6d71f0ffda5fe313 \
    --hash=sha256:37a86b45efb9a47a61a36449063e8e18d0cab3161329fc099eb21783169c4f0c
    # via -r requirements-m03-compatible.in
python-dateutil==2.9.0.post0 \
    --hash=sha256:37dd54208da7e1cd875388217d5e00ebd4179249f90fb72437e91a35459a0ad3 \
    --hash=sha256:a8b2bc7bffae282281c8140a97d3aa9c14da0b136dfe83f850eea9a5f7470427
    # via
    #   -r requirements-m03-compatible.in
    #   pandas
pytz==2025.2 \
    --hash=sha256:360b9e3dbb49a209c21ad61809c7fb453643e048b38924c765813546746e81c3 \
    --hash=sha256:5ddf76296dd8c44c26eb8f4b6f35488f3ccbf6fbbd7adee0b7262d43f0ec2f00
    # via
    #   -r requirements-m03-compatible.in
    #   pandas
setuptools==84.0.0 \
    --hash=sha256:51a52592b3b99e102b609654876bd65f19f999935166d1352678931132b0c670 \
    --hash=sha256:f4695c21257f0d9b537ec2692c941d02ee143b7cc1276941349a546573b2ef73
    # via -r requirements-m03-compatible.in
six==1.17.0 \
    --hash=sha256:4721f391ed90541fddacab5acf947aa0d3dc7d27b2e1e8eda2be8970586c3274 \
    --hash=sha256:ff70335d468e7eb6ec65b95b99d3a2836546063f63acc5171de367e834932a81
    # via
    #   -r requirements-m03-compatible.in
    #   python-dateutil
tzdata==2025.2 \
    --hash=sha256:1a403fada01ff9221ca8044d701868fa132215d84beb92242d9acd2147f667a8 \
    --hash=sha256:b60a638fcc0daffadf82fe0f57e53d06bdec2f36c4df66280ae79bce6bd6f2b9
    # via
    #   -r requirements-m03-compatible.in
    #   pandas
wheel==0.48.0 \
    --hash=sha256:3217dcc807155e45db462d7ef2431f5ddda0d7273b700d05a67b271ceb1287ab \
    --hash=sha256:94800765601e9171bf5d58d066e640662842bcedcbab982b2c90787a2c987322
    # via -r requirements-m03-compatible.in
